# This file was autogenerated by Stack.
# You should not edit this file by hand.
# For more information, please see the documentation at:
#   https://docs.haskellstack.org/en/stable/lock_files

packages:
- completed:
    subdir: .
    name: liquidhaskell
    version: 0.8.10.7.1
    git: https://github.com/ucsd-progsys/liquidhaskell.git
    pantry-tree:
      size: 310075
      sha256: ec8707e456992d5f4d89954c81c065b0489aea09c0f91195a01f42cd9f2bbde8
    commit: 5d4a9783e7df061a8d3993006a491a30535b9f59
  original:
    subdir: .
    git: https://github.com/ucsd-progsys/liquidhaskell.git
    commit: 5d4a9783e7df061a8d3993006a491a30535b9f59
- completed:
    subdir: liquid-base
    name: liquid-base
    version: 4.14.3.0
    git: https://github.com/ucsd-progsys/liquidhaskell.git
    pantry-tree:
      size: 15057
      sha256: 675bce9dd2ac79b861d222609a8eb519715f243a96b6e2eebdf466b0264b41c0
    commit: 5d4a9783e7df061a8d3993006a491a30535b9f59
  original:
    subdir: liquid-base
    git: https://github.com/ucsd-progsys/liquidhaskell.git
    commit: 5d4a9783e7df061a8d3993006a491a30535b9f59
- completed:
    subdir: liquid-containers
    name: liquid-containers
    version: 0.6.2.1
    git: https://github.com/ucsd-progsys/liquidhaskell.git
    pantry-tree:
      size: 2143
      sha256: 9d2a8e764d448cdc77796b338f00b14ff01092e9dd6a835dfeae58f3a59b1c86
    commit: 5d4a9783e7df061a8d3993006a491a30535b9f59
  original:
    subdir: liquid-containers
    git: https://github.com/ucsd-progsys/liquidhaskell.git
    commit: 5d4a9783e7df061a8d3993006a491a30535b9f59
- completed:
    subdir: liquid-ghc-prim
    name: liquid-ghc-prim
    version: 0.6.1
    git: https://github.com/ucsd-progsys/liquidhaskell.git
    pantry-tree:
      size: 912
      sha256: f4a142e73996a292cf2eae8c364f71fe9a1195937801cad720ac1394db1bd3ae
    commit: 5d4a9783e7df061a8d3993006a491a30535b9f59
  original:
    subdir: liquid-ghc-prim
    git: https://github.com/ucsd-progsys/liquidhaskell.git
    commit: 5d4a9783e7df061a8d3993006a491a30535b9f59
- completed:
    subdir: liquid-prelude
    name: liquid-prelude
    version: 0.8.10.2
    git: https://github.com/ucsd-progsys/liquidhaskell.git
    pantry-tree:
      size: 1029
      sha256: 17fffd9d59ef7d3e7fa04b89174250bab84af77822d3f5de0124d608aa6827c6
    commit: 5d4a9783e7df061a8d3993006a491a30535b9f59
  original:
    subdir: liquid-prelude
    git: https://github.com/ucsd-progsys/liquidhaskell.git
    commit: 5d4a9783e7df061a8d3993006a491a30535b9f59
- completed:
    name: liquid-fixpoint
    version: 0.8.10.7.1
    git: https://github.com/ucsd-progsys/liquid-fixpoint.git
    pantry-tree:
      size: 22068
      sha256: 7bc6bdefac0b76d416029dd18de027e603800510a8e5c42607460e95967c9e53
    commit: d6c95d1d535125f99f382fa503d012d008b0d480
  original:
    git: https://github.com/ucsd-progsys/liquid-fixpoint.git
    commit: d6c95d1d535125f99f382fa503d012d008b0d480
- completed:
    name: rest-rewrite
    version: 0.2.1
    git: https://github.com/zgrannan/rest.git
    pantry-tree:
      size: 4369
      sha256: d6be04bbded2360e2aaba7de4d4c145a29b09ca48d5c6a6accb94d25a7fe64f8
    commit: 1cadb23edfbc393245ae964315b07f5c8581ea9f
  original:
    git: https://github.com/zgrannan/rest.git
    commit: 1cadb23edfbc393245ae964315b07f5c8581ea9f
- completed:
    hackage: megaparsec-8.0.0@sha256:362f85e243ecbcb550e1de6e5c74ba5a50c09edaa1208c99bc5b9fd242227fc6,3808
    pantry-tree:
      size: 1446
      sha256: 955117c00a86970f2d0c215f33cf5293b16589c04678a0a790c03368ab6fd0aa
  original:
    hackage: megaparsec-8.0.0@sha256:362f85e243ecbcb550e1de6e5c74ba5a50c09edaa1208c99bc5b9fd242227fc6,3808
snapshots:
- completed:
    size: 586069
    url: https://raw.githubusercontent.com/commercialhaskell/stackage-snapshots/master/lts/18/14.yaml
    sha256: 87842ecbaa8ca9cee59a7e6be52369dbed82ed075cb4e0d152614a627e8fd488
  original: lts-18.14
