# This file was autogenerated by Stack.
# You should not edit this file by hand.
# For more information, please see the documentation at:
#   https://docs.haskellstack.org/en/stable/lock_files

packages:
- completed:
    hackage: tasty-rerun-1.1.14@sha256:ba9c19a281535bea566e1044bc02c36ef17abcb310af4b6a149ec11780c7ce35,3083
    pantry-tree:
      size: 284
      sha256: f6b89e2e06d38d0a2d73c220648811a54684b476778904416b22f1ccae7eab67
  original:
    hackage: tasty-rerun-1.1.14
- completed:
    hackage: fgl-visualize-0.1.0.1@sha256:e682066053a6e75478a08fd6822dd0143a3b8ea23244bdb01dd389a266447c5e,995
    pantry-tree:
      size: 224
      sha256: 969d6b60ea298ffb81697dd350e76774a2f876103a147117f832400451ad2cc3
  original:
    hackage: fgl-visualize-0.1.0.1
- completed:
    hackage: located-base-0.1.1.1@sha256:7c6395f2b6fbf2d5f76c3514f774423838c0ea94e1c6a5530dd3c94b30c9d1c8,1904
    pantry-tree:
      size: 534
      sha256: 9d7b96ce785b464253dcf0ac2d8eb0be4cae6b96ed3960d66b81c373b540ed3f
  original:
    hackage: located-base-0.1.1.1
- completed:
    hackage: hashable-1.3.0.0@sha256:d60cad00223d46172020c136e68acef0481a47d0302b2e74b1805b4f3a446a9b,5389
    pantry-tree:
      size: 1521
      sha256: e7d5dbcea435993e180947216759031527ee3c2ddba276f1942f815d629e1e3a
  original:
    hackage: hashable-1.3.0.0
- completed:
    hackage: optics-0.3@sha256:5f62fca47b01ce065bb999724b8cdd45e747537892ee00faeac4b4b20d821aee,6494
    pantry-tree:
      size: 1077
      sha256: 20d41262ffcb59bf63801c9529d639b9a1037be7cc0a812e2379007f151ff463
  original:
    hackage: optics-0.3
- completed:
    hackage: optics-core-0.3@sha256:0464583aaef715f8e48b8c9ce3fab9866345de93e740dae32d5c5e9a57097bf7,4532
    pantry-tree:
      size: 5030
      sha256: d87366c3a2d4099a7a1d54df029a38e24b591ba8fb88d56fabf0c5c4bc345a51
  original:
    hackage: optics-core-0.3
- completed:
    hackage: optics-th-0.3@sha256:b4746b3d142feb2dc9dfcf76b49a11fd04321aa0ee9c1bcd297c5e8dc393803c,1965
    pantry-tree:
      size: 653
      sha256: 24e990405793450726f6364034614c715537b0ed3f21fafc9ce0267979feb01b
  original:
    hackage: optics-th-0.3
- completed:
    hackage: optics-extra-0.3@sha256:68c3dd038cb1b9a43107b645e33adfd14f085f5923ad01b42d222ee1b6aaa38f,3492
    pantry-tree:
      size: 1809
      sha256: eb962a5e19200050a731f4487b5dabbbedca182c208678d7a51a096e1ae7ec04
  original:
    hackage: optics-extra-0.3
- completed:
    hackage: Diff-0.4.0@sha256:b5cfbeed498f555a18774ffd549bbeff7a24bdfe5984154dcfc9f4328a3c2847,1275
    pantry-tree:
      size: 415
      sha256: 01b215c454152a0fe10a5378a4013d92e89da2f0695ffffc466ead5f3343cf3a
  original:
    hackage: Diff-0.4.0
- completed:
    hackage: aeson-1.4.7.1@sha256:6d8d2fd959b7122a1df9389cf4eca30420a053d67289f92cdc0dbc0dab3530ba,7098
    pantry-tree:
      size: 40133
      sha256: caa9306e519c601ab0170d113daa03c1163db53e5466be2968bbd61a771bebcb
  original:
    hackage: aeson-1.4.7.1
- completed:
    hackage: th-compat-0.1@sha256:ff11df2bbd6ad519987f8fe5b2fd783349260681a91565a40d4096bb0a536b0b,2818
    pantry-tree:
      size: 529
      sha256: c794a1d447edb8cf039f47514f50eee20c2584452f1a60848f905dc710c9b59f
  original:
    hackage: th-compat-0.1
- completed:
    hackage: store-0.7.11@sha256:e12694225bc2165b31fc2bd3bb42777588c972e0d9bf58a20794c7a9324c6c4b,8071
    pantry-tree:
      size: 1292
      sha256: e801df838d0e0ffafb4723773ce3372cfbeba892d8041bf7b24b6b10ccf65b3f
  original:
    hackage: store-0.7.11
- completed:
    hackage: store-core-0.4.4.4@sha256:a19098ca8419ea4f6f387790e942a7a5d0acf62fe1beff7662f098cfb611334c,1430
    pantry-tree:
      size: 271
      sha256: 2e38b2201b812c658ef4ce97db1044563cacbf3232211dcc7a2071be2c71f389
  original:
    hackage: store-core-0.4.4.4
- completed:
    hackage: th-utilities-0.2.4.3@sha256:2475f24595bede7ee1ba78f3ac6b8bfeacf9b2225c871b443c8aa28e68e60589,1923
    pantry-tree:
      size: 882
      sha256: 9b481fa2fc86026e6d7aa6bf6493a6d8da8d3446d2eec0f5c34a5e7aec41967c
  original:
    hackage: th-utilities-0.2.4.3
- completed:
    hackage: th-abstraction-0.4.2.0@sha256:2c754cd15370f8c59c8e6c37d44428a78d0b4afc94e13b3958a1a50cd16f6e84,2124
    pantry-tree:
      size: 670
      sha256: 4d7de058f3dd57de2a89ea92e812c37ab5418d2fbac620db8c815e7eb4d856ac
  original:
    hackage: th-abstraction-0.4.2.0
- completed:
    hackage: rest-rewrite-0.1.1@sha256:7e180d3feb7185e41e3813e4d5a7aa8dfc1cfb479e754e22e706bcc99a26cf35,4793
    pantry-tree:
      size: 3353
      sha256: 136fea6611049098a74a0b13507dfa914b3eff5d4bca6ef0514b35bc478bdb15
  original:
    hackage: rest-rewrite-0.1.1
snapshots:
- completed:
    size: 532379
    url: https://raw.githubusercontent.com/commercialhaskell/stackage-snapshots/master/lts/16/8.yaml
    sha256: 2ad3210d2ad35f3176005d68369a18e4d984517bfaa2caade76f28ed0b2e0521
  original: lts-16.8
