# This file was autogenerated by Stack.
# You should not edit this file by hand.
# For more information, please see the documentation at:
#   https://docs.haskellstack.org/en/stable/lock_files

packages:
- completed:
    hackage: rest-rewrite-0.4.3@sha256:915fb98b8c0a0f518c1a4b75bcf3ae27a3ebd5b10d60cc16a216c2fca2148ab0,3929
    pantry-tree:
      sha256: 4de44fbeb7bd655caeafe605406c0bc5fe1788d9cf37cdac2f18b018ee4cf5e6
      size: 4075
  original:
    hackage: rest-rewrite-0.4.3
- completed:
    hackage: smtlib-backends-0.3@sha256:a947aead99f6a314833bddca9b502d5faea8d3bd2fc76ffb53c34d5c5b7557bc,1211
    pantry-tree:
      sha256: 97b88a647ac996808a93b2eab62e9e8574d9b9a451ee37a9103e209b63be012d
      size: 275
  original:
    hackage: smtlib-backends-0.3@rev:2
- completed:
    hackage: smtlib-backends-process-0.3@sha256:caf131d3d6f6825e3a3182713130a8e14d0bd6530eeda643e8a511b546ff1a26,1676
    pantry-tree:
      sha256: 7147fef29b4270275168a285fc0c68784329d1276ab9e44e9a45f8d79b526220
      size: 461
  original:
    hackage: smtlib-backends-process-0.3@rev:2
- completed:
    hackage: store-0.7.18@sha256:af32079e0d31413b97a1759f8ad8555507857cd4ac4015e195fb5b0a27a3ce9f,8159
    pantry-tree:
      sha256: 6e9fb2c1c59a9f2fb62abd0016841417b57b9a3e045088d48d65cc740cb1eeb9
      size: 1292
  original:
    hackage: store-0.7.18
- completed:
    hackage: store-core-0.4.4.6@sha256:37d4a628785b72dd26f0d8565895d01f36b4a7b2539100d735c239cf12d76b53,1489
    pantry-tree:
      sha256: da7e56dce68e291ea431b552a5cbc7cb0736296f9436e339931b193d48072e68
      size: 271
  original:
    hackage: store-core-0.4.4.6
- completed:
    commit: 45ef3498e35897712bde8e002ce18df6d55f8b15
    git: https://github.com/qnikst/ghc-timings-report
    name: ghc-timings
    pantry-tree:
      sha256: 72622264696c78cda23cf96382dee7a3d14e3eafdb8977486338f113681dcec4
      size: 7544
    version: '0.1'
  original:
    commit: 45ef3498e35897712bde8e002ce18df6d55f8b15
    git: https://github.com/qnikst/ghc-timings-report
snapshots:
- completed:
    sha256: 876a5c75d90718add42e1ad36d66000bf35050ce1c66748119897a32df613186
    size: 563963
    url: https://raw.githubusercontent.com/commercialhaskell/stackage-snapshots/master/nightly/2024/1/26.yaml
  original: nightly-2024-01-26
