# This file was autogenerated by Stack.
# You should not edit this file by hand.
# For more information, please see the documentation at:
#   https://docs.haskellstack.org/en/stable/lock_files

packages:
- completed:
    hackage: hashable-1.3.0.0@sha256:4c70f1407881059e93550d3742191254296b2737b793a742bd901348fb3e1fb1,5206
    pantry-tree:
      size: 1521
      sha256: 84aba72926c33debd71fb9c670869d842025f8ea45ad10084289a34f0448250f
  original:
    hackage: hashable-1.3.0.0
- completed:
    hackage: optics-0.2@sha256:813ef6cc4d2e2b5ee00435831031f38917ba01d1e56dcb62dc18cd0315a9ccb7,6296
    pantry-tree:
      size: 1003
      sha256: 8a74dbcd983fcc96b7b6c5c9fc6da7240dd2e5bdab7caa4927b8287a4cbe5c0f
  original:
    hackage: optics-0.2
- completed:
    hackage: optics-th-0.2@sha256:b4f6c5a3f134c697837190ed6da969dd284aefe79e43c3ef793093b607bb83b9,1929
    pantry-tree:
      size: 653
      sha256: f6b5caed956d3761b35769ac518d3f0f407449dafe33154992386f02d9489bad
  original:
    hackage: optics-th-0.2
- completed:
    hackage: tasty-rerun-1.1.14@sha256:ba9c19a281535bea566e1044bc02c36ef17abcb310af4b6a149ec11780c7ce35,3083
    pantry-tree:
      size: 284
      sha256: f6b89e2e06d38d0a2d73c220648811a54684b476778904416b22f1ccae7eab67
  original:
    hackage: tasty-rerun-1.1.14
snapshots:
- completed:
    size: 545658
    url: https://raw.githubusercontent.com/commercialhaskell/stackage-snapshots/master/lts/14/12.yaml
    sha256: 26b807457213126d26b595439d705dc824dbb7618b0de6b900adc2bf6a059406
  original: lts-14.12
